
Microsoft Visual Studio Solution File, Format Version 12.00
# Visual Studio 2013
VisualStudioVersion = 12.0.40629.0
MinimumVisualStudioVersion = 10.0.40219.1
Project("{FAE04EC0-301F-11D3-BF4B-00C04F79EFBC}") = "ViewModelFramework", "ViewModelFramework\ViewModelFramework.csproj", "{F2103C7C-0F5A-49BF-B552-473F05F6C060}"
EndProject
Project("{2150E333-8FDC-42A3-9474-1A3956D46DE8}") = ".nuget", ".nuget", "{E1BDB5AB-2112-4E99-81F9-FA54D43D1C4C}"
	ProjectSection(SolutionItems) = preProject
		.nuget\packages.config = .nuget\packages.config
	EndProjectSection
EndProject
Global
	GlobalSection(SolutionConfigurationPlatforms) = preSolution
		Debug|Any CPU = Debug|Any CPU
		Release|Any CPU = Release|Any CPU
	EndGlobalSection
	GlobalSection(ProjectConfigurationPlatforms) = postSolution
		{F2103C7C-0F5A-49BF-B552-473F05F6C060}.Debug|Any CPU.ActiveCfg = Debug|Any CPU
		{F2103C7C-0F5A-49BF-B552-473F05F6C060}.Debug|Any CPU.Build.0 = Debug|Any CPU
		{F2103C7C-0F5A-49BF-B552-473F05F6C060}.Release|Any CPU.ActiveCfg = Release|Any CPU
		{F2103C7C-0F5A-49BF-B552-473F05F6C060}.Release|Any CPU.Build.0 = Release|Any CPU
	EndGlobalSection
	GlobalSection(SolutionProperties) = preSolution
		HideSolutionNode = FALSE
	EndGlobalSection
EndGlobal
